{
  "name": "tfjs-applications",
  "version": "0.0.1",
  "lockfileVersion": 1,
  "requires": true,
  "dependencies": {
    "@tensorflow/tfjs-node": {
      "version": "0.1.9",
      "resolved": "https://registry.npmjs.org/@tensorflow/tfjs-node/-/tfjs-node-0.1.9.tgz",
      "integrity": "sha512-r3nnLwbGiV5ogTD89XGURJNEkgrbL0oIzS5GyUjgChMDl6z+bys0Hd2i9+Iwa4Vv4QId/tVV8NFb6vn2+G2a1Q==",
      "dev": true,
      "requires": {
        "bindings": "~1.3.0"
      }
    },
    "bindings": {
      "version": "1.3.0",
      "resolved": "https://registry.npmjs.org/bindings/-/bindings-1.3.0.tgz",
      "integrity": "sha512-DpLh5EzMR2kzvX1KIlVC0VkC3iZtHKTgdtZ0a3pglBZdaQFjt5S9g9xd1lE+YvXyfd6mtCeRnrUfOLYiTMlNSw==",
      "dev": true
    }
  }
}
